# This file was autogenerated by Stack.
# You should not edit this file by hand.
# For more information, please see the documentation at:
#   https://docs.haskellstack.org/en/stable/lock_files

packages:
- completed:
    hackage: hledger-lib-1.41@sha256:6f0b0fba7dcb1be3731423597cbbc2c8707cbcfdc7a960b9c85e32fc27352850,7905
    pantry-tree:
      sha256: f1665486935ccee8eeceabe2ddc59af5adbc98beb01fc3758ecb1d51fcc3e678
      size: 4461
  original:
    hackage: hledger-lib-1.41
- completed:
    hackage: hledger-1.41@sha256:db7ad7279ed60933620ad00888cec95ed8a5c312b2e904975557530f13c2e103,10109
    pantry-tree:
      sha256: 1ebee2d1ba4e996d73296bd1daa92e8092861c748ce1c079f6e2a4e823aaeb87
      size: 7081
  original:
    hackage: hledger-1.41
- completed:
    hackage: base-compat-0.14.1@sha256:d01078dff437dd547942a6f12389f1cc874328c1d61c0b795b9a6b822f133c96,7592
    pantry-tree:
      sha256: 1834c9c79f24e3cbbccc4c025796f87d0a44e23153d1e62d2aa56a79bf170ae6
      size: 9599
  original:
    hackage: base-compat-0.14.1@sha256:d01078dff437dd547942a6f12389f1cc874328c1d61c0b795b9a6b822f133c96,7592
- completed:
    hackage: extra-1.7.16@sha256:4f188e9d0281419afe33f8c07ea1c33da2d2187947ddd0c0cfc4188e4deb6275,2821
    pantry-tree:
      sha256: ebbc493c2b897b9cd81d3cd72676b825905aea27b6a5ce2faa53d4aae0738156
      size: 1960
  original:
    hackage: extra-1.7.16
- completed:
    hackage: time-1.12.2@sha256:88e8493d9130038d3b9968a2530a0900141cd3d938483c83dde56e12b875ebc8,6510
    pantry-tree:
      sha256: de0ab314661da3788b5dad20254e44929b1659b00d32b5a0cd54922a05e006e8
      size: 7264
  original:
    hackage: time-1.12.2
- completed:
    hackage: data-default-0.8.0.0@sha256:ba77cbe437508d5dfe4dec1e929121a92f0d6fc004c30fabb94c78172c0606dc,1016
    pantry-tree:
      sha256: 2ced4cb63070004ac8650e38d5544a25d941fcc8167787505468a163dd28daeb
      size: 331
  original:
    hackage: data-default-0.8.0.0
snapshots:
- completed:
    sha256: 9444fadfa30b67a93080254d53872478c087592ad64443e47c546cdcd13149ae
    size: 678857
    url: https://raw.githubusercontent.com/commercialhaskell/stackage-snapshots/master/lts/23/0.yaml
  original: lts-23.0
